
Microsoft Visual Studio Solution File, Format Version 12.00
# Visual Studio Version 17
VisualStudioVersion = 17.12.35707.178
MinimumVisualStudioVersion = 10.0.40219.1
Project("{FAE04EC0-301F-11D3-BF4B-00C04F79EFBC}") = "ServiceBus", "ServiceBus\ServiceBus.csproj", "{6F22E0AA-B2B9-4FB6-B63A-731B15F20400}"
EndProject
Global
	GlobalSection(SolutionConfigurationPlatforms) = preSolution
		Debug|Any CPU = Debug|Any CPU
		Release|Any CPU = Release|Any CPU
	EndGlobalSection
	GlobalSection(ProjectConfigurationPlatforms) = postSolution
		{6F22E0AA-B2B9-4FB6-B63A-731B15F20400}.Debug|Any CPU.ActiveCfg = Debug|Any CPU
		{6F22E0AA-B2B9-4FB6-B63A-731B15F20400}.Debug|Any CPU.Build.0 = Debug|Any CPU
		{6F22E0AA-B2B9-4FB6-B63A-731B15F20400}.Release|Any CPU.ActiveCfg = Release|Any CPU
		{6F22E0AA-B2B9-4FB6-B63A-731B15F20400}.Release|Any CPU.Build.0 = Release|Any CPU
	EndGlobalSection
	GlobalSection(SolutionProperties) = preSolution
		HideSolutionNode = FALSE
	EndGlobalSection
	GlobalSection(ExtensibilityGlobals) = postSolution
		SolutionGuid = {A7DCCA82-25E3-4467-B610-07E238E2C0CF}
	EndGlobalSection
EndGlobal
